
Microsoft Visual Studio Solution File, Format Version 12.00
# Visual Studio Version 17
VisualStudioVersion = 17.12.35707.178
MinimumVisualStudioVersion = 10.0.40219.1
Project("{2150E333-8FDC-42A3-9474-1A3956D46DE8}") = "src", "src", "{9AD1BE06-74B2-4131-B522-FAFD8DD5DE1F}"
EndProject
Project("{FAE04EC0-301F-11D3-BF4B-00C04F79EFBC}") = "ChatBot.Web", "src\ChatBot.Web\ChatBot.Web.csproj", "{2CDE8AA2-68FB-4E90-84B0-54FD84C3FA31}"
EndProject
Project("{FAE04EC0-301F-11D3-BF4B-00C04F79EFBC}") = "ChatBot.Domain", "src\ChatBot.Domain\ChatBot.Domain.csproj", "{29C0E0B8-0088-4BDE-8F34-08E35BA4DB09}"
EndProject
Project("{FAE04EC0-301F-11D3-BF4B-00C04F79EFBC}") = "ChatBot.Application", "src\ChatBot.Application\ChatBot.Application.csproj", "{2C5A4FD1-A3A4-45CC-BA99-1F5130387C02}"
EndProject
Project("{FAE04EC0-301F-11D3-BF4B-00C04F79EFBC}") = "ChatBot.Infrastructure", "src\ChatBot.Infrastructure\ChatBot.Infrastructure.csproj", "{01C113FE-DF60-4E81-8D3F-8BC7DA8E8902}"
EndProject
Project("{2150E333-8FDC-42A3-9474-1A3956D46DE8}") = "tests", "tests", "{33648561-5218-4157-9065-9D198BB7FD9B}"
EndProject
Project("{FAE04EC0-301F-11D3-BF4B-00C04F79EFBC}") = "ChatBot.Application.Tests", "tests\ChatBot.Application.Tests\ChatBot.Application.Tests.csproj", "{8C3DB18C-3ACA-4750-9F2C-E825A104D6AA}"
EndProject
Global
	GlobalSection(SolutionConfigurationPlatforms) = preSolution
		Debug|Any CPU = Debug|Any CPU
		Release|Any CPU = Release|Any CPU
	EndGlobalSection
	GlobalSection(ProjectConfigurationPlatforms) = postSolution
		{2CDE8AA2-68FB-4E90-84B0-54FD84C3FA31}.Debug|Any CPU.ActiveCfg = Debug|Any CPU
		{2CDE8AA2-68FB-4E90-84B0-54FD84C3FA31}.Debug|Any CPU.Build.0 = Debug|Any CPU
		{2CDE8AA2-68FB-4E90-84B0-54FD84C3FA31}.Release|Any CPU.ActiveCfg = Release|Any CPU
		{2CDE8AA2-68FB-4E90-84B0-54FD84C3FA31}.Release|Any CPU.Build.0 = Release|Any CPU
		{29C0E0B8-0088-4BDE-8F34-08E35BA4DB09}.Debug|Any CPU.ActiveCfg = Debug|Any CPU
		{29C0E0B8-0088-4BDE-8F34-08E35BA4DB09}.Debug|Any CPU.Build.0 = Debug|Any CPU
		{29C0E0B8-0088-4BDE-8F34-08E35BA4DB09}.Release|Any CPU.ActiveCfg = Release|Any CPU
		{29C0E0B8-0088-4BDE-8F34-08E35BA4DB09}.Release|Any CPU.Build.0 = Release|Any CPU
		{2C5A4FD1-A3A4-45CC-BA99-1F5130387C02}.Debug|Any CPU.ActiveCfg = Debug|Any CPU
		{2C5A4FD1-A3A4-45CC-BA99-1F5130387C02}.Debug|Any CPU.Build.0 = Debug|Any CPU
		{2C5A4FD1-A3A4-45CC-BA99-1F5130387C02}.Release|Any CPU.ActiveCfg = Release|Any CPU
		{2C5A4FD1-A3A4-45CC-BA99-1F5130387C02}.Release|Any CPU.Build.0 = Release|Any CPU
		{01C113FE-DF60-4E81-8D3F-8BC7DA8E8902}.Debug|Any CPU.ActiveCfg = Debug|Any CPU
		{01C113FE-DF60-4E81-8D3F-8BC7DA8E8902}.Debug|Any CPU.Build.0 = Debug|Any CPU
		{01C113FE-DF60-4E81-8D3F-8BC7DA8E8902}.Release|Any CPU.ActiveCfg = Release|Any CPU
		{01C113FE-DF60-4E81-8D3F-8BC7DA8E8902}.Release|Any CPU.Build.0 = Release|Any CPU
		{8C3DB18C-3ACA-4750-9F2C-E825A104D6AA}.Debug|Any CPU.ActiveCfg = Debug|Any CPU
		{8C3DB18C-3ACA-4750-9F2C-E825A104D6AA}.Debug|Any CPU.Build.0 = Debug|Any CPU
		{8C3DB18C-3ACA-4750-9F2C-E825A104D6AA}.Release|Any CPU.ActiveCfg = Release|Any CPU
		{8C3DB18C-3ACA-4750-9F2C-E825A104D6AA}.Release|Any CPU.Build.0 = Release|Any CPU
	EndGlobalSection
	GlobalSection(SolutionProperties) = preSolution
		HideSolutionNode = FALSE
	EndGlobalSection
	GlobalSection(NestedProjects) = preSolution
		{2CDE8AA2-68FB-4E90-84B0-54FD84C3FA31} = {9AD1BE06-74B2-4131-B522-FAFD8DD5DE1F}
		{29C0E0B8-0088-4BDE-8F34-08E35BA4DB09} = {9AD1BE06-74B2-4131-B522-FAFD8DD5DE1F}
		{2C5A4FD1-A3A4-45CC-BA99-1F5130387C02} = {9AD1BE06-74B2-4131-B522-FAFD8DD5DE1F}
		{01C113FE-DF60-4E81-8D3F-8BC7DA8E8902} = {9AD1BE06-74B2-4131-B522-FAFD8DD5DE1F}
		{8C3DB18C-3ACA-4750-9F2C-E825A104D6AA} = {33648561-5218-4157-9065-9D198BB7FD9B}
	EndGlobalSection
EndGlobal
